
Microsoft Visual Studio Solution File, Format Version 12.00
# Visual Studio Version 17
VisualStudioVersion = 17.3.32825.248
MinimumVisualStudioVersion = 10.0.40219.1
Project("{8BC9CEB8-8B4A-11D0-8D11-00A0C91BC942}") = "Arrays", "Arrays\Arrays.vcxproj", "{3418D253-9909-41B0-9571-86452F4508F4}"
EndProject
Global
	GlobalSection(SolutionConfigurationPlatforms) = preSolution
		Debug|x64 = Debug|x64
		Debug|x86 = Debug|x86
		Release|x64 = Release|x64
		Release|x86 = Release|x86
	EndGlobalSection
	GlobalSection(ProjectConfigurationPlatforms) = postSolution
		{3418D253-9909-41B0-9571-86452F4508F4}.Debug|x64.ActiveCfg = Debug|x64
		{3418D253-9909-41B0-9571-86452F4508F4}.Debug|x64.Build.0 = Debug|x64
		{3418D253-9909-41B0-9571-86452F4508F4}.Debug|x86.ActiveCfg = Debug|Win32
		{3418D253-9909-41B0-9571-86452F4508F4}.Debug|x86.Build.0 = Debug|Win32
		{3418D253-9909-41B0-9571-86452F4508F4}.Release|x64.ActiveCfg = Release|x64
		{3418D253-9909-41B0-9571-86452F4508F4}.Release|x64.Build.0 = Release|x64
		{3418D253-9909-41B0-9571-86452F4508F4}.Release|x86.ActiveCfg = Release|Win32
		{3418D253-9909-41B0-9571-86452F4508F4}.Release|x86.Build.0 = Release|Win32
	EndGlobalSection
	GlobalSection(SolutionProperties) = preSolution
		HideSolutionNode = FALSE
	EndGlobalSection
	GlobalSection(ExtensibilityGlobals) = postSolution
		SolutionGuid = {439CAF10-640E-4542-89CE-A69B5BC86CC1}
	EndGlobalSection
EndGlobal
